
Microsoft Visual Studio Solution File, Format Version 12.00
# Visual Studio Version 16
VisualStudioVersion = 16.0.30611.23
MinimumVisualStudioVersion = 10.0.40219.1
Project("{FAE04EC0-301F-11D3-BF4B-00C04F79EFBC}") = "QLBanGiay", "QLBanGiay\QLBanGiay.csproj", "{37A216A4-6A5B-478A-8D4D-A30E9FFDF5CA}"
EndProject
Global
	GlobalSection(SolutionConfigurationPlatforms) = preSolution
		Debug|Any CPU = Debug|Any CPU
		Release|Any CPU = Release|Any CPU
	EndGlobalSection
	GlobalSection(ProjectConfigurationPlatforms) = postSolution
		{37A216A4-6A5B-478A-8D4D-A30E9FFDF5CA}.Debug|Any CPU.ActiveCfg = Debug|Any CPU
		{37A216A4-6A5B-478A-8D4D-A30E9FFDF5CA}.Debug|Any CPU.Build.0 = Debug|Any CPU
		{37A216A4-6A5B-478A-8D4D-A30E9FFDF5CA}.Release|Any CPU.ActiveCfg = Release|Any CPU
		{37A216A4-6A5B-478A-8D4D-A30E9FFDF5CA}.Release|Any CPU.Build.0 = Release|Any CPU
	EndGlobalSection
	GlobalSection(SolutionProperties) = preSolution
		HideSolutionNode = FALSE
	EndGlobalSection
	GlobalSection(ExtensibilityGlobals) = postSolution
		SolutionGuid = {30C10CB0-1FB8-42E9-BC72-3F8A7D06EF3F}
	EndGlobalSection
EndGlobal
